# This file is automatically @generated by Cargo.
# It is not intended for manual editing.
version = 4

[[package]]
name = "figrid-board"
version = "0.6.8"
dependencies = [
 "noru",
]

[[package]]
name = "noru"
version = "2.1.1"
source = "registry+https://github.com/rust-lang/crates.io-index"
checksum = "6932bcd6114e85ee97f459a522ddf3459b306748327819d1e0147c9b39762e2e"
