# This file is automatically @generated by Cargo.
# It is not intended for manual editing.
version = 4

[[package]]
name = "figrid-board"
version = "0.6.7"
dependencies = [
 "noru",
]

[[package]]
name = "noru"
version = "2.1.0"
source = "registry+https://github.com/rust-lang/crates.io-index"
checksum = "181c05a69d419fb098b455089d165917638d65d98152f371028138add3952daf"
