# This file is automatically @generated by Cargo.
# It is not intended for manual editing.
version = 4

[[package]]
name = "figrid-board"
version = "0.4.2"
dependencies = [
 "noru",
]

[[package]]
name = "noru"
version = "1.2.0"
source = "registry+https://github.com/rust-lang/crates.io-index"
checksum = "bd1eb61edc50575873471f3c54d0d7011fba6a28009ec928e3292be4f183172c"
